
Microsoft Visual Studio Solution File, Format Version 12.00
# Visual Studio Version 17
VisualStudioVersion = 17.5.002.0
MinimumVisualStudioVersion = 10.0.40219.1
Project("{9A19103F-16F7-4668-BE54-9A1E7A4F7556}") = "TravelPal", "TravelPal.csproj", "{BA810C09-3C07-4B51-A178-75563E1C01F6}"
EndProject
Global
	GlobalSection(SolutionConfigurationPlatforms) = preSolution
		Debug|Any CPU = Debug|Any CPU
		Release|Any CPU = Release|Any CPU
	EndGlobalSection
	GlobalSection(ProjectConfigurationPlatforms) = postSolution
		{BA810C09-3C07-4B51-A178-75563E1C01F6}.Debug|Any CPU.ActiveCfg = Debug|Any CPU
		{BA810C09-3C07-4B51-A178-75563E1C01F6}.Debug|Any CPU.Build.0 = Debug|Any CPU
		{BA810C09-3C07-4B51-A178-75563E1C01F6}.Release|Any CPU.ActiveCfg = Release|Any CPU
		{BA810C09-3C07-4B51-A178-75563E1C01F6}.Release|Any CPU.Build.0 = Release|Any CPU
	EndGlobalSection
	GlobalSection(SolutionProperties) = preSolution
		HideSolutionNode = FALSE
	EndGlobalSection
	GlobalSection(ExtensibilityGlobals) = postSolution
		SolutionGuid = {2683424F-7899-492D-81E4-62EAC60E3EF0}
	EndGlobalSection
EndGlobal
